
Microsoft Visual Studio Solution File, Format Version 12.00
# Visual Studio Version 16
VisualStudioVersion = 16.0.28803.916
MinimumVisualStudioVersion = 10.0.40219.1
Project("{FAE04EC0-301F-11D3-BF4B-00C04F79EFBC}") = "Criptografia", "Criptografia\Criptografia.csproj", "{DFF42450-0869-4A33-8AAD-D40D2A11F8F2}"
EndProject
Global
	GlobalSection(SolutionConfigurationPlatforms) = preSolution
		Debug|Any CPU = Debug|Any CPU
		Release|Any CPU = Release|Any CPU
	EndGlobalSection
	GlobalSection(ProjectConfigurationPlatforms) = postSolution
		{DFF42450-0869-4A33-8AAD-D40D2A11F8F2}.Debug|Any CPU.ActiveCfg = Debug|Any CPU
		{DFF42450-0869-4A33-8AAD-D40D2A11F8F2}.Debug|Any CPU.Build.0 = Debug|Any CPU
		{DFF42450-0869-4A33-8AAD-D40D2A11F8F2}.Release|Any CPU.ActiveCfg = Release|Any CPU
		{DFF42450-0869-4A33-8AAD-D40D2A11F8F2}.Release|Any CPU.Build.0 = Release|Any CPU
	EndGlobalSection
	GlobalSection(SolutionProperties) = preSolution
		HideSolutionNode = FALSE
	EndGlobalSection
	GlobalSection(ExtensibilityGlobals) = postSolution
		SolutionGuid = {41766C01-C20C-4C7E-862A-EF9A61DCFA88}
	EndGlobalSection
EndGlobal
